
Microsoft Visual Studio Solution File, Format Version 12.00
# Visual Studio Version 16
VisualStudioVersion = 16.0.32228.343
MinimumVisualStudioVersion = 10.0.40219.1
Project("{9A19103F-16F7-4668-BE54-9A1E7A4F7556}") = "corewebapi", "corewebapi\corewebapi.csproj", "{38315030-384B-4CB9-A060-2DFF939A5B17}"
EndProject
Project("{9A19103F-16F7-4668-BE54-9A1E7A4F7556}") = "corewebappmvc", "..\corewebappmvc\corewebappmvc\corewebappmvc.csproj", "{1E34CA4C-54DA-4F83-A5C2-F45991CA8955}"
EndProject
Global
	GlobalSection(SolutionConfigurationPlatforms) = preSolution
		Debug|Any CPU = Debug|Any CPU
		Release|Any CPU = Release|Any CPU
	EndGlobalSection
	GlobalSection(ProjectConfigurationPlatforms) = postSolution
		{38315030-384B-4CB9-A060-2DFF939A5B17}.Debug|Any CPU.ActiveCfg = Debug|Any CPU
		{38315030-384B-4CB9-A060-2DFF939A5B17}.Debug|Any CPU.Build.0 = Debug|Any CPU
		{38315030-384B-4CB9-A060-2DFF939A5B17}.Release|Any CPU.ActiveCfg = Release|Any CPU
		{38315030-384B-4CB9-A060-2DFF939A5B17}.Release|Any CPU.Build.0 = Release|Any CPU
		{1E34CA4C-54DA-4F83-A5C2-F45991CA8955}.Debug|Any CPU.ActiveCfg = Debug|Any CPU
		{1E34CA4C-54DA-4F83-A5C2-F45991CA8955}.Debug|Any CPU.Build.0 = Debug|Any CPU
		{1E34CA4C-54DA-4F83-A5C2-F45991CA8955}.Release|Any CPU.ActiveCfg = Release|Any CPU
		{1E34CA4C-54DA-4F83-A5C2-F45991CA8955}.Release|Any CPU.Build.0 = Release|Any CPU
	EndGlobalSection
	GlobalSection(SolutionProperties) = preSolution
		HideSolutionNode = FALSE
	EndGlobalSection
	GlobalSection(ExtensibilityGlobals) = postSolution
		SolutionGuid = {1A7E183D-F8CC-48AD-998E-09DB4703E416}
	EndGlobalSection
EndGlobal
